// !$*UTF8*$!
{
	archiveVersion = 1;
	classes = {
	};
	objectVersion = 46;
	objects = {

/* Begin PBXBuildFile section */
		A59DE49E1B7F23EC00A9AE20 /* main.m in Sources */ = {isa = PBXBuildFile; fileRef = A59DE49D1B7F23EC00A9AE20 /* main.m */; };
		A59DE4A11B7F23EC00A9AE20 /* ERTAppDelegate.m in Sources */ = {isa = PBXBuildFile; fileRef = A59DE4A01B7F23EC00A9AE20 /* ERTAppDelegate.m */; };
		A59DE4A71B7F23EC00A9AE20 /* Main.storyboard in Resources */ = {isa = PBXBuildFile; fileRef = A59DE4A51B7F23EC00A9AE20 /* Main.storyboard */; };
		A59DE4A91B7F23EC00A9AE20 /* Images.xcassets in Resources */ = {isa = PBXBuildFile; fileRef = A59DE4A81B7F23EC00A9AE20 /* Images.xcassets */; };
		A59DE4AC1B7F23EC00A9AE20 /* LaunchScreen.xib in Resources */ = {isa = PBXBuildFile; fileRef = A59DE4AA1B7F23EC00A9AE20 /* LaunchScreen.xib */; };
		A59DE4B81B7F23EC00A9AE20 /* RT_App_TestTests.m in Sources */ = {isa = PBXBuildFile; fileRef = A59DE4B71B7F23EC00A9AE20 /* RT_App_TestTests.m */; };
		A59DE4C71B7F27FE00A9AE20 /* ERTMainVC.m in Sources */ = {isa = PBXBuildFile; fileRef = A59DE4C61B7F27FE00A9AE20 /* ERTMainVC.m */; };
		A59DE4CB1B7F285800A9AE20 /* ERTNewsCell.m in Sources */ = {isa = PBXBuildFile; fileRef = A59DE4C91B7F285800A9AE20 /* ERTNewsCell.m */; };
		A59DE4CC1B7F285800A9AE20 /* ERTNewsCell.xib in Resources */ = {isa = PBXBuildFile; fileRef = A59DE4CA1B7F285800A9AE20 /* ERTNewsCell.xib */; };
/* End PBXBuildFile section */

/* Begin PBXContainerItemProxy section */
		A59DE4B21B7F23EC00A9AE20 /* PBXContainerItemProxy */ = {
			isa = PBXContainerItemProxy;
			containerPortal = A59DE4901B7F23EC00A9AE20 /* Project object */;
			proxyType = 1;
			remoteGlobalIDString = A59DE4971B7F23EC00A9AE20;
			remoteInfo = RT_App_Test;
		};
/* End PBXContainerItemProxy section */

/* Begin PBXFileReference section */
		A59DE4981B7F23EC00A9AE20 /* RT_App_Test.app */ = {isa = PBXFileReference; explicitFileType = wrapper.application; includeInIndex = 0; path = RT_App_Test.app; sourceTree = BUILT_PRODUCTS_DIR; };
		A59DE49C1B7F23EC00A9AE20 /* Info.plist */ = {isa = PBXFileReference; lastKnownFileType = text.plist.xml; path = Info.plist; sourceTree = "<group>"; };
		A59DE49D1B7F23EC00A9AE20 /* main.m */ = {isa = PBXFileReference; lastKnownFileType = sourcecode.c.objc; path = main.m; sourceTree = "<group>"; };
		A59DE49F1B7F23EC00A9AE20 /* ERTAppDelegate.h */ = {isa = PBXFileReference; lastKnownFileType = sourcecode.c.h; path = ERTAppDelegate.h; sourceTree = "<group>"; };
		A59DE4A01B7F23EC00A9AE20 /* ERTAppDelegate.m */ = {isa = PBXFileReference; lastKnownFileType = sourcecode.c.objc; path = ERTAppDelegate.m; sourceTree = "<group>"; };
		A59DE4A61B7F23EC00A9AE20 /* Base */ = {isa = PBXFileReference; lastKnownFileType = file.storyboard; name = Base; path = Base.lproj/Main.storyboard; sourceTree = "<group>"; };
		A59DE4A81B7F23EC00A9AE20 /* Images.xcassets */ = {isa = PBXFileReference; lastKnownFileType = folder.assetcatalog; path = Images.xcassets; sourceTree = "<group>"; };
		A59DE4AB1B7F23EC00A9AE20 /* Base */ = {isa = PBXFileReference; lastKnownFileType = file.xib; name = Base; path = Base.lproj/LaunchScreen.xib; sourceTree = "<group>"; };
		A59DE4B11B7F23EC00A9AE20 /* RT_App_TestTests.xctest */ = {isa = PBXFileReference; explicitFileType = wrapper.cfbundle; includeInIndex = 0; path = RT_App_TestTests.xctest; sourceTree = BUILT_PRODUCTS_DIR; };
		A59DE4B61B7F23EC00A9AE20 /* Info.plist */ = {isa = PBXFileReference; lastKnownFileType = text.plist.xml; path = Info.plist; sourceTree = "<group>"; };
		A59DE4B71B7F23EC00A9AE20 /* RT_App_TestTests.m */ = {isa = PBXFileReference; lastKnownFileType = sourcecode.c.objc; path = RT_App_TestTests.m; sourceTree = "<group>"; };
		A59DE4C51B7F27FE00A9AE20 /* ERTMainVC.h */ = {isa = PBXFileReference; fileEncoding = 4; lastKnownFileType = sourcecode.c.h; name = ERTMainVC.h; path = ViewControllers/ERTMainVC.h; sourceTree = "<group>"; };
		A59DE4C61B7F27FE00A9AE20 /* ERTMainVC.m */ = {isa = PBXFileReference; fileEncoding = 4; lastKnownFileType = sourcecode.c.objc; name = ERTMainVC.m; path = ViewControllers/ERTMainVC.m; sourceTree = "<group>"; };
		A59DE4C81B7F285800A9AE20 /* ERTNewsCell.h */ = {isa = PBXFileReference; fileEncoding = 4; lastKnownFileType = sourcecode.c.h; name = ERTNewsCell.h; path = Cells/ERTNewsCell.h; sourceTree = "<group>"; };
		A59DE4C91B7F285800A9AE20 /* ERTNewsCell.m */ = {isa = PBXFileReference; fileEncoding = 4; lastKnownFileType = sourcecode.c.objc; name = ERTNewsCell.m; path = Cells/ERTNewsCell.m; sourceTree = "<group>"; };
		A59DE4CA1B7F285800A9AE20 /* ERTNewsCell.xib */ = {isa = PBXFileReference; fileEncoding = 4; lastKnownFileType = file.xib; name = ERTNewsCell.xib; path = Cells/ERTNewsCell.xib; sourceTree = "<group>"; };
/* End PBXFileReference section */

/* Begin PBXFrameworksBuildPhase section */
		A59DE4951B7F23EC00A9AE20 /* Frameworks */ = {
			isa = PBXFrameworksBuildPhase;
			buildActionMask = 2147483647;
			files = (
			);
			runOnlyForDeploymentPostprocessing = 0;
		};
		A59DE4AE1B7F23EC00A9AE20 /* Frameworks */ = {
			isa = PBXFrameworksBuildPhase;
			buildActionMask = 2147483647;
			files = (
			);
			runOnlyForDeploymentPostprocessing = 0;
		};
/* End PBXFrameworksBuildPhase section */

/* Begin PBXGroup section */
		A59DE48F1B7F23EC00A9AE20 = {
			isa = PBXGroup;
			children = (
				A59DE49A1B7F23EC00A9AE20 /* RT_App_Test */,
				A59DE4B41B7F23EC00A9AE20 /* RT_App_TestTests */,
				A59DE4991B7F23EC00A9AE20 /* Products */,
			);
			sourceTree = "<group>";
		};
		A59DE4991B7F23EC00A9AE20 /* Products */ = {
			isa = PBXGroup;
			children = (
				A59DE4981B7F23EC00A9AE20 /* RT_App_Test.app */,
				A59DE4B11B7F23EC00A9AE20 /* RT_App_TestTests.xctest */,
			);
			name = Products;
			sourceTree = "<group>";
		};
		A59DE49A1B7F23EC00A9AE20 /* RT_App_Test */ = {
			isa = PBXGroup;
			children = (
				A59DE49F1B7F23EC00A9AE20 /* ERTAppDelegate.h */,
				A59DE4A01B7F23EC00A9AE20 /* ERTAppDelegate.m */,
				A59DE4C31B7F276300A9AE20 /* ViewControllers */,
				A59DE4C41B7F277F00A9AE20 /* Cells */,
				A59DE4A51B7F23EC00A9AE20 /* Main.storyboard */,
				A59DE4A81B7F23EC00A9AE20 /* Images.xcassets */,
				A59DE4AA1B7F23EC00A9AE20 /* LaunchScreen.xib */,
				A59DE49B1B7F23EC00A9AE20 /* Supporting Files */,
			);
			path = RT_App_Test;
			sourceTree = "<group>";
		};
		A59DE49B1B7F23EC00A9AE20 /* Supporting Files */ = {
			isa = PBXGroup;
			children = (
				A59DE49C1B7F23EC00A9AE20 /* Info.plist */,
				A59DE49D1B7F23EC00A9AE20 /* main.m */,
			);
			name = "Supporting Files";
			sourceTree = "<group>";
		};
		A59DE4B41B7F23EC00A9AE20 /* RT_App_TestTests */ = {
			isa = PBXGroup;
			children = (
				A59DE4B71B7F23EC00A9AE20 /* RT_App_TestTests.m */,
				A59DE4B51B7F23EC00A9AE20 /* Supporting Files */,
			);
			path = RT_App_TestTests;
			sourceTree = "<group>";
		};
		A59DE4B51B7F23EC00A9AE20 /* Supporting Files */ = {
			isa = PBXGroup;
			children = (
				A59DE4B61B7F23EC00A9AE20 /* Info.plist */,
			);
			name = "Supporting Files";
			sourceTree = "<group>";
		};
		A59DE4C31B7F276300A9AE20 /* ViewControllers */ = {
			isa = PBXGroup;
			children = (
				A59DE4C51B7F27FE00A9AE20 /* ERTMainVC.h */,
				A59DE4C61B7F27FE00A9AE20 /* ERTMainVC.m */,
			);
			name = ViewControllers;
			sourceTree = "<group>";
		};
		A59DE4C41B7F277F00A9AE20 /* Cells */ = {
			isa = PBXGroup;
			children = (
				A59DE4C81B7F285800A9AE20 /* ERTNewsCell.h */,
				A59DE4C91B7F285800A9AE20 /* ERTNewsCell.m */,
				A59DE4CA1B7F285800A9AE20 /* ERTNewsCell.xib */,
			);
			name = Cells;
			sourceTree = "<group>";
		};
/* End PBXGroup section */

/* Begin PBXNativeTarget section */
		A59DE4971B7F23EC00A9AE20 /* RT_App_Test */ = {
			isa = PBXNativeTarget;
			buildConfigurationList = A59DE4BB1B7F23EC00A9AE20 /* Build configuration list for PBXNativeTarget "RT_App_Test" */;
			buildPhases = (
				A59DE4941B7F23EC00A9AE20 /* Sources */,
				A59DE4951B7F23EC00A9AE20 /* Frameworks */,
				A59DE4961B7F23EC00A9AE20 /* Resources */,
			);
			buildRules = (
			);
			dependencies = (
			);
			name = RT_App_Test;
			productName = RT_App_Test;
			productReference = A59DE4981B7F23EC00A9AE20 /* RT_App_Test.app */;
			productType = "com.apple.product-type.application";
		};
		A59DE4B01B7F23EC00A9AE20 /* RT_App_TestTests */ = {
			isa = PBXNativeTarget;
			buildConfigurationList = A59DE4BE1B7F23EC00A9AE20 /* Build configuration list for PBXNativeTarget "RT_App_TestTests" */;
			buildPhases = (
				A59DE4AD1B7F23EC00A9AE20 /* Sources */,
				A59DE4AE1B7F23EC00A9AE20 /* Frameworks */,
				A59DE4AF1B7F23EC00A9AE20 /* Resources */,
			);
			buildRules = (
			);
			dependencies = (
				A59DE4B31B7F23EC00A9AE20 /* PBXTargetDependency */,
			);
			name = RT_App_TestTests;
			productName = RT_App_TestTests;
			productReference = A59DE4B11B7F23EC00A9AE20 /* RT_App_TestTests.xctest */;
			productType = "com.apple.product-type.bundle.unit-test";
		};
/* End PBXNativeTarget section */

/* Begin PBXProject section */
		A59DE4901B7F23EC00A9AE20 /* Project object */ = {
			isa = PBXProject;
			attributes = {
				LastUpgradeCheck = 0640;
				ORGANIZATIONNAME = "Sergey Yefanov";
				TargetAttributes = {
					A59DE4971B7F23EC00A9AE20 = {
						CreatedOnToolsVersion = 6.4;
					};
					A59DE4B01B7F23EC00A9AE20 = {
						CreatedOnToolsVersion = 6.4;
						TestTargetID = A59DE4971B7F23EC00A9AE20;
					};
				};
			};
			buildConfigurationList = A59DE4931B7F23EC00A9AE20 /* Build configuration list for PBXProject "RT_App_Test" */;
			compatibilityVersion = "Xcode 3.2";
			developmentRegion = English;
			hasScannedForEncodings = 0;
			knownRegions = (
				en,
				Base,
			);
			mainGroup = A59DE48F1B7F23EC00A9AE20;
			productRefGroup = A59DE4991B7F23EC00A9AE20 /* Products */;
			projectDirPath = "";
			projectRoot = "";
			targets = (
				A59DE4971B7F23EC00A9AE20 /* RT_App_Test */,
				A59DE4B01B7F23EC00A9AE20 /* RT_App_TestTests */,
			);
		};
/* End PBXProject section */

/* Begin PBXResourcesBuildPhase section */
		A59DE4961B7F23EC00A9AE20 /* Resources */ = {
			isa = PBXResourcesBuildPhase;
			buildActionMask = 2147483647;
			files = (
				A59DE4CC1B7F285800A9AE20 /* ERTNewsCell.xib in Resources */,
				A59DE4A71B7F23EC00A9AE20 /* Main.storyboard in Resources */,
				A59DE4AC1B7F23EC00A9AE20 /* LaunchScreen.xib in Resources */,
				A59DE4A91B7F23EC00A9AE20 /* Images.xcassets in Resources */,
			);
			runOnlyForDeploymentPostprocessing = 0;
		};
		A59DE4AF1B7F23EC00A9AE20 /* Resources */ = {
			isa = PBXResourcesBuildPhase;
			buildActionMask = 2147483647;
			files = (
			);
			runOnlyForDeploymentPostprocessing = 0;
		};
/* End PBXResourcesBuildPhase section */

/* Begin PBXSourcesBuildPhase section */
		A59DE4941B7F23EC00A9AE20 /* Sources */ = {
			isa = PBXSourcesBuildPhase;
			buildActionMask = 2147483647;
			files = (
				A59DE4CB1B7F285800A9AE20 /* ERTNewsCell.m in Sources */,
				A59DE4A11B7F23EC00A9AE20 /* ERTAppDelegate.m in Sources */,
				A59DE49E1B7F23EC00A9AE20 /* main.m in Sources */,
				A59DE4C71B7F27FE00A9AE20 /* ERTMainVC.m in Sources */,
			);
			runOnlyForDeploymentPostprocessing = 0;
		};
		A59DE4AD1B7F23EC00A9AE20 /* Sources */ = {
			isa = PBXSourcesBuildPhase;
			buildActionMask = 2147483647;
			files = (
				A59DE4B81B7F23EC00A9AE20 /* RT_App_TestTests.m in Sources */,
			);
			runOnlyForDeploymentPostprocessing = 0;
		};
/* End PBXSourcesBuildPhase section */

/* Begin PBXTargetDependency section */
		A59DE4B31B7F23EC00A9AE20 /* PBXTargetDependency */ = {
			isa = PBXTargetDependency;
			target = A59DE4971B7F23EC00A9AE20 /* RT_App_Test */;
			targetProxy = A59DE4B21B7F23EC00A9AE20 /* PBXContainerItemProxy */;
		};
/* End PBXTargetDependency section */

/* Begin PBXVariantGroup section */
		A59DE4A51B7F23EC00A9AE20 /* Main.storyboard */ = {
			isa = PBXVariantGroup;
			children = (
				A59DE4A61B7F23EC00A9AE20 /* Base */,
			);
			name = Main.storyboard;
			sourceTree = "<group>";
		};
		A59DE4AA1B7F23EC00A9AE20 /* LaunchScreen.xib */ = {
			isa = PBXVariantGroup;
			children = (
				A59DE4AB1B7F23EC00A9AE20 /* Base */,
			);
			name = LaunchScreen.xib;
			sourceTree = "<group>";
		};
/* End PBXVariantGroup section */

/* Begin XCBuildConfiguration section */
		A59DE4B91B7F23EC00A9AE20 /* Debug */ = {
			isa = XCBuildConfiguration;
			buildSettings = {
				ALWAYS_SEARCH_USER_PATHS = NO;
				CLANG_CXX_LANGUAGE_STANDARD = "gnu++0x";
				CLANG_CXX_LIBRARY = "libc++";
				CLANG_ENABLE_MODULES = YES;
				CLANG_ENABLE_OBJC_ARC = YES;
				CLANG_WARN_BOOL_CONVERSION = YES;
				CLANG_WARN_CONSTANT_CONVERSION = YES;
				CLANG_WARN_DIRECT_OBJC_ISA_USAGE = YES_ERROR;
				CLANG_WARN_EMPTY_BODY = YES;
				CLANG_WARN_ENUM_CONVERSION = YES;
				CLANG_WARN_INT_CONVERSION = YES;
				CLANG_WARN_OBJC_ROOT_CLASS = YES_ERROR;
				CLANG_WARN_UNREACHABLE_CODE = YES;
				CLANG_WARN__DUPLICATE_METHOD_MATCH = YES;
				"CODE_SIGN_IDENTITY[sdk=iphoneos*]" = "iPhone Developer";
				COPY_PHASE_STRIP = NO;
				DEBUG_INFORMATION_FORMAT = "dwarf-with-dsym";
				ENABLE_STRICT_OBJC_MSGSEND = YES;
				GCC_C_LANGUAGE_STANDARD = gnu99;
				GCC_DYNAMIC_NO_PIC = NO;
				GCC_NO_COMMON_BLOCKS = YES;
				GCC_OPTIMIZATION_LEVEL = 0;
				GCC_PREPROCESSOR_DEFINITIONS = (
					"DEBUG=1",
					"$(inherited)",
				);
				GCC_SYMBOLS_PRIVATE_EXTERN = NO;
				GCC_WARN_64_TO_32_BIT_CONVERSION = YES;
				GCC_WARN_ABOUT_RETURN_TYPE = YES_ERROR;
				GCC_WARN_UNDECLARED_SELECTOR = YES;
				GCC_WARN_UNINITIALIZED_AUTOS = YES_AGGRESSIVE;
				GCC_WARN_UNUSED_FUNCTION = YES;
				GCC_WARN_UNUSED_VARIABLE = YES;
				IPHONEOS_DEPLOYMENT_TARGET = 8.4;
				MTL_ENABLE_DEBUG_INFO = YES;
				ONLY_ACTIVE_ARCH = YES;
				SDKROOT = iphoneos;
				TARGETED_DEVICE_FAMILY = "1,2";
			};
			name = Debug;
		};
		A59DE4BA1B7F23EC00A9AE20 /* Release */ = {
			isa = XCBuildConfiguration;
			buildSettings = {
				ALWAYS_SEARCH_USER_PATHS = NO;
				CLANG_CXX_LANGUAGE_STANDARD = "gnu++0x";
				CLANG_CXX_LIBRARY = "libc++";
				CLANG_ENABLE_MODULES = YES;
				CLANG_ENABLE_OBJC_ARC = YES;
				CLANG_WARN_BOOL_CONVERSION = YES;
				CLANG_WARN_CONSTANT_CONVERSION = YES;
				CLANG_WARN_DIRECT_OBJC_ISA_USAGE = YES_ERROR;
				CLANG_WARN_EMPTY_BODY = YES;
				CLANG_WARN_ENUM_CONVERSION = YES;
				CLANG_WARN_INT_CONVERSION = YES;
				CLANG_WARN_OBJC_ROOT_CLASS = YES_ERROR;
				CLANG_WARN_UNREACHABLE_CODE = YES;
				CLANG_WARN__DUPLICATE_METHOD_MATCH = YES;
				"CODE_SIGN_IDENTITY[sdk=iphoneos*]" = "iPhone Developer";
				COPY_PHASE_STRIP = NO;
				DEBUG_INFORMATION_FORMAT = "dwarf-with-dsym";
				ENABLE_NS_ASSERTIONS = NO;
				ENABLE_STRICT_OBJC_MSGSEND = YES;
				GCC_C_LANGUAGE_STANDARD = gnu99;
				GCC_NO_COMMON_BLOCKS = YES;
				GCC_WARN_64_TO_32_BIT_CONVERSION = YES;
				GCC_WARN_ABOUT_RETURN_TYPE = YES_ERROR;
				GCC_WARN_UNDECLARED_SELECTOR = YES;
				GCC_WARN_UNINITIALIZED_AUTOS = YES_AGGRESSIVE;
				GCC_WARN_UNUSED_FUNCTION = YES;
				GCC_WARN_UNUSED_VARIABLE = YES;
				IPHONEOS_DEPLOYMENT_TARGET = 8.4;
				MTL_ENABLE_DEBUG_INFO = NO;
				SDKROOT = iphoneos;
				TARGETED_DEVICE_FAMILY = "1,2";
				VALIDATE_PRODUCT = YES;
			};
			name = Release;
		};
		A59DE4BC1B7F23EC00A9AE20 /* Debug */ = {
			isa = XCBuildConfiguration;
			buildSettings = {
				ASSETCATALOG_COMPILER_APPICON_NAME = AppIcon;
				INFOPLIST_FILE = RT_App_Test/Info.plist;
				LD_RUNPATH_SEARCH_PATHS = "$(inherited) @executable_path/Frameworks";
				PRODUCT_NAME = "$(TARGET_NAME)";
			};
			name = Debug;
		};
		A59DE4BD1B7F23EC00A9AE20 /* Release */ = {
			isa = XCBuildConfiguration;
			buildSettings = {
				ASSETCATALOG_COMPILER_APPICON_NAME = AppIcon;
				INFOPLIST_FILE = RT_App_Test/Info.plist;
				LD_RUNPATH_SEARCH_PATHS = "$(inherited) @executable_path/Frameworks";
				PRODUCT_NAME = "$(TARGET_NAME)";
			};
			name = Release;
		};
		A59DE4BF1B7F23EC00A9AE20 /* Debug */ = {
			isa = XCBuildConfiguration;
			buildSettings = {
				BUNDLE_LOADER = "$(TEST_HOST)";
				FRAMEWORK_SEARCH_PATHS = (
					"$(SDKROOT)/Developer/Library/Frameworks",
					"$(inherited)",
				);
				GCC_PREPROCESSOR_DEFINITIONS = (
					"DEBUG=1",
					"$(inherited)",
				);
				INFOPLIST_FILE = RT_App_TestTests/Info.plist;
				LD_RUNPATH_SEARCH_PATHS = "$(inherited) @executable_path/Frameworks @loader_path/Frameworks";
				PRODUCT_NAME = "$(TARGET_NAME)";
				TEST_HOST = "$(BUILT_PRODUCTS_DIR)/RT_App_Test.app/RT_App_Test";
			};
			name = Debug;
		};
		A59DE4C01B7F23EC00A9AE20 /* Release */ = {
			isa = XCBuildConfiguration;
			buildSettings = {
				BUNDLE_LOADER = "$(TEST_HOST)";
				FRAMEWORK_SEARCH_PATHS = (
					"$(SDKROOT)/Developer/Library/Frameworks",
					"$(inherited)",
				);
				INFOPLIST_FILE = RT_App_TestTests/Info.plist;
				LD_RUNPATH_SEARCH_PATHS = "$(inherited) @executable_path/Frameworks @loader_path/Frameworks";
				PRODUCT_NAME = "$(TARGET_NAME)";
				TEST_HOST = "$(BUILT_PRODUCTS_DIR)/RT_App_Test.app/RT_App_Test";
			};
			name = Release;
		};
/* End XCBuildConfiguration section */

/* Begin XCConfigurationList section */
		A59DE4931B7F23EC00A9AE20 /* Build configuration list for PBXProject "RT_App_Test" */ = {
			isa = XCConfigurationList;
			buildConfigurations = (
				A59DE4B91B7F23EC00A9AE20 /* Debug */,
				A59DE4BA1B7F23EC00A9AE20 /* Release */,
			);
			defaultConfigurationIsVisible = 0;
			defaultConfigurationName = Release;
		};
		A59DE4BB1B7F23EC00A9AE20 /* Build configuration list for PBXNativeTarget "RT_App_Test" */ = {
			isa = XCConfigurationList;
			buildConfigurations = (
				A59DE4BC1B7F23EC00A9AE20 /* Debug */,
				A59DE4BD1B7F23EC00A9AE20 /* Release */,
			);
			defaultConfigurationIsVisible = 0;
		};
		A59DE4BE1B7F23EC00A9AE20 /* Build configuration list for PBXNativeTarget "RT_App_TestTests" */ = {
			isa = XCConfigurationList;
			buildConfigurations = (
				A59DE4BF1B7F23EC00A9AE20 /* Debug */,
				A59DE4C01B7F23EC00A9AE20 /* Release */,
			);
			defaultConfigurationIsVisible = 0;
		};
/* End XCConfigurationList section */
	};
	rootObject = A59DE4901B7F23EC00A9AE20 /* Project object */;
}
